
Microsoft Visual Studio Solution File, Format Version 11.00
# Visual Web Developer Express 2010
Project("{FAE04EC0-301F-11D3-BF4B-00C04F79EFBC}") = "ToDoSignalR", "ToDoSignalR\ToDoSignalR.csproj", "{427522EB-3FAC-44AF-A1F8-9AC5B6265F33}"
EndProject
Project("{FAE04EC0-301F-11D3-BF4B-00C04F79EFBC}") = "Voter", "Voter\Voter.csproj", "{8054D36C-4E85-421C-B96B-AF7B85B1D5AE}"
EndProject
Global
	GlobalSection(SolutionConfigurationPlatforms) = preSolution
		Debug|Any CPU = Debug|Any CPU
		Release|Any CPU = Release|Any CPU
	EndGlobalSection
	GlobalSection(ProjectConfigurationPlatforms) = postSolution
		{427522EB-3FAC-44AF-A1F8-9AC5B6265F33}.Debug|Any CPU.ActiveCfg = Debug|Any CPU
		{427522EB-3FAC-44AF-A1F8-9AC5B6265F33}.Debug|Any CPU.Build.0 = Debug|Any CPU
		{427522EB-3FAC-44AF-A1F8-9AC5B6265F33}.Release|Any CPU.ActiveCfg = Release|Any CPU
		{427522EB-3FAC-44AF-A1F8-9AC5B6265F33}.Release|Any CPU.Build.0 = Release|Any CPU
		{8054D36C-4E85-421C-B96B-AF7B85B1D5AE}.Debug|Any CPU.ActiveCfg = Debug|Any CPU
		{8054D36C-4E85-421C-B96B-AF7B85B1D5AE}.Debug|Any CPU.Build.0 = Debug|Any CPU
		{8054D36C-4E85-421C-B96B-AF7B85B1D5AE}.Release|Any CPU.ActiveCfg = Release|Any CPU
		{8054D36C-4E85-421C-B96B-AF7B85B1D5AE}.Release|Any CPU.Build.0 = Release|Any CPU
	EndGlobalSection
	GlobalSection(SolutionProperties) = preSolution
		HideSolutionNode = FALSE
	EndGlobalSection
EndGlobal
